
Microsoft Visual Studio Solution File, Format Version 12.00
# Visual Studio Version 16
VisualStudioVersion = 16.0.31613.86
MinimumVisualStudioVersion = 10.0.40219.1
Project("{FAE04EC0-301F-11D3-BF4B-00C04F79EFBC}") = "Forum_PDP", "Forum_PDP\Forum_PDP.csproj", "{66F40343-7330-498C-A29B-D820B93BC681}"
EndProject
Global
	GlobalSection(SolutionConfigurationPlatforms) = preSolution
		Debug|Any CPU = Debug|Any CPU
		Release|Any CPU = Release|Any CPU
	EndGlobalSection
	GlobalSection(ProjectConfigurationPlatforms) = postSolution
		{66F40343-7330-498C-A29B-D820B93BC681}.Debug|Any CPU.ActiveCfg = Debug|Any CPU
		{66F40343-7330-498C-A29B-D820B93BC681}.Debug|Any CPU.Build.0 = Debug|Any CPU
		{66F40343-7330-498C-A29B-D820B93BC681}.Release|Any CPU.ActiveCfg = Release|Any CPU
		{66F40343-7330-498C-A29B-D820B93BC681}.Release|Any CPU.Build.0 = Release|Any CPU
	EndGlobalSection
	GlobalSection(SolutionProperties) = preSolution
		HideSolutionNode = FALSE
	EndGlobalSection
	GlobalSection(ExtensibilityGlobals) = postSolution
		SolutionGuid = {C4A3DF79-37B9-44D5-9D7B-A2A380ECE41E}
	EndGlobalSection
EndGlobal
